
Microsoft Visual Studio Solution File, Format Version 12.00
# Visual Studio Version 17
VisualStudioVersion = 17.3.32922.545
MinimumVisualStudioVersion = 10.0.40219.1
Project("{9A19103F-16F7-4668-BE54-9A1E7A4F7556}") = "TestPodologyApi", "TestPodologyApi\TestPodologyApi.csproj", "{CEE8BFBC-2CC3-4DE4-ACAE-4DD6C99E8DB4}"
EndProject
Project("{9A19103F-16F7-4668-BE54-9A1E7A4F7556}") = "TestPodologyModel", "TestPodologyModel\TestPodologyModel.csproj", "{7A16BDBF-43E9-430F-8E27-EAD6CBACF2EE}"
EndProject
Project("{FAE04EC0-301F-11D3-BF4B-00C04F79EFBC}") = "TestPodologyRepository", "TestPodologyRepository\TestPodologyRepository.csproj", "{2A673899-EFC8-42CE-9B0F-4113B9930168}"
EndProject
Global
	GlobalSection(SolutionConfigurationPlatforms) = preSolution
		Debug|Any CPU = Debug|Any CPU
		Release|Any CPU = Release|Any CPU
	EndGlobalSection
	GlobalSection(ProjectConfigurationPlatforms) = postSolution
		{CEE8BFBC-2CC3-4DE4-ACAE-4DD6C99E8DB4}.Debug|Any CPU.ActiveCfg = Debug|Any CPU
		{CEE8BFBC-2CC3-4DE4-ACAE-4DD6C99E8DB4}.Debug|Any CPU.Build.0 = Debug|Any CPU
		{CEE8BFBC-2CC3-4DE4-ACAE-4DD6C99E8DB4}.Release|Any CPU.ActiveCfg = Release|Any CPU
		{CEE8BFBC-2CC3-4DE4-ACAE-4DD6C99E8DB4}.Release|Any CPU.Build.0 = Release|Any CPU
		{7A16BDBF-43E9-430F-8E27-EAD6CBACF2EE}.Debug|Any CPU.ActiveCfg = Debug|Any CPU
		{7A16BDBF-43E9-430F-8E27-EAD6CBACF2EE}.Debug|Any CPU.Build.0 = Debug|Any CPU
		{7A16BDBF-43E9-430F-8E27-EAD6CBACF2EE}.Release|Any CPU.ActiveCfg = Release|Any CPU
		{7A16BDBF-43E9-430F-8E27-EAD6CBACF2EE}.Release|Any CPU.Build.0 = Release|Any CPU
		{2A673899-EFC8-42CE-9B0F-4113B9930168}.Debug|Any CPU.ActiveCfg = Debug|Any CPU
		{2A673899-EFC8-42CE-9B0F-4113B9930168}.Debug|Any CPU.Build.0 = Debug|Any CPU
		{2A673899-EFC8-42CE-9B0F-4113B9930168}.Release|Any CPU.ActiveCfg = Release|Any CPU
		{2A673899-EFC8-42CE-9B0F-4113B9930168}.Release|Any CPU.Build.0 = Release|Any CPU
	EndGlobalSection
	GlobalSection(SolutionProperties) = preSolution
		HideSolutionNode = FALSE
	EndGlobalSection
	GlobalSection(ExtensibilityGlobals) = postSolution
		SolutionGuid = {03BE1BBA-122B-4266-BC66-30846F04A91D}
	EndGlobalSection
EndGlobal
